PODS:
  - SDWebImage (4.4.0):
    - SDWebImage/Core (= 4.4.0)
  - SDWebImage/Core (4.4.0)
  - TKImageShowing (1.0.7):
    - SDWebImage (~> 4.0)

DEPENDENCIES:
  - TKImageShowing

SPEC CHECKSUMS:
  SDWebImage: b534502786e43dde36dfcaee89356fe6df30e203
  TKImageShowing: a3ebf233a588a96a0d67596f3193abcc6b96bf22

PODFILE CHECKSUM: 50ae6336d89042a3b067ea9263f3875d2ae39bcc

COCOAPODS: 1.4.0
