PODS:
  - SDWebImage (4.4.7):
    - SDWebImage/Core (= 4.4.7)
  - SDWebImage/Core (4.4.7)
  - TKImageShowing (1.0.9):
    - SDWebImage (~> 4.4.6)

DEPENDENCIES:
  - TKImageShowing

SPEC REPOS:
  https://github.com/cocoapods/specs.git:
    - SDWebImage
    - TKImageShowing

SPEC CHECKSUMS:
  SDWebImage: c10d14a8883ebd89664f02a422006f66a85c0c5d
  TKImageShowing: a9c18c82070d1fe8aec59fd29533e2c5c29ca1e2

PODFILE CHECKSUM: 50ae6336d89042a3b067ea9263f3875d2ae39bcc

COCOAPODS: 1.7.5
