PODS:
  - SDWebImage (4.4.6):
    - SDWebImage/Core (= 4.4.6)
  - SDWebImage/Core (4.4.6)
  - TKImageShowing (1.0.7):
    - SDWebImage (~> 4.0)

DEPENDENCIES:
  - TKImageShowing

SPEC REPOS:
  https://github.com/cocoapods/specs.git:
    - SDWebImage
    - TKImageShowing

SPEC CHECKSUMS:
  SDWebImage: 3f3f0c02f09798048c47a5ed0a13f17b063572d8
  TKImageShowing: a3ebf233a588a96a0d67596f3193abcc6b96bf22

PODFILE CHECKSUM: 50ae6336d89042a3b067ea9263f3875d2ae39bcc

COCOAPODS: 1.5.3
